hash: 4ee4147adf0274612adec2a28c8cd078bf306544fdbdc9ea8ecc1e2279ca0dd1
updated: 2016-10-17T23:37:28.066913991+02:00
imports:
- name: github.com/AaronO/go-git-http
  version: a8b8273a5ac1dbfb412cd2b70382badb1aceeadb
  repo: https://github.com/rande/go-git-http.git
  vcs: git
- name: github.com/armon/go-radix
  version: 4239b77079c7b5d1243b7b4736304ce8ddb6f0f2
- name: github.com/aws/aws-sdk-go
  version: 7557129b846473b8edd52853c077d21b7934b699
  subpackages:
  - aws
  - aws/awserr
  - aws/awsutil
  - aws/client
  - aws/client/metadata
  - aws/corehandlers
  - aws/credentials
  - aws/credentials/ec2rolecreds
  - aws/credentials/endpointcreds
  - aws/credentials/stscreds
  - aws/defaults
  - aws/ec2metadata
  - aws/request
  - aws/session
  - aws/signer/v4
  - private/endpoints
  - private/protocol
  - private/protocol/query
  - private/protocol/query/queryutil
  - private/protocol/rest
  - private/protocol/restxml
  - private/protocol/xml/xmlutil
  - private/waiter
  - service/s3
  - service/sts
- name: github.com/bakins/logrus-middleware
  version: 2f037bcda984f172af9c62c9048a5e6c12fa3179
- name: github.com/bgentry/speakeasy
  version: 675b82c74c0ed12283ee81ba8a534c8982c07b85
- name: github.com/boltdb/bolt
  version: 583e8937c61f1af6513608ccc75c97b6abdf4ff9
- name: github.com/BurntSushi/toml
  version: bbd5bb678321a0d6e58f1099321dfa73391c1b6f
- name: github.com/davecgh/go-spew
  version: 6d212800a42e8ab5c146b8ace3490ee17e5225f9
  subpackages:
  - spew
- name: github.com/go-ini/ini
  version: 6e4869b434bd001f6983749881c7ead3545887d8
- name: github.com/jmespath/go-jmespath
  version: bd40a432e4c76585ef6b72d3fd96fb9b6dc7b68d
- name: github.com/mattn/go-isatty
  version: 66b8e73f3f5cda9f96b69efd03dd3d7fc4a5cdb8
- name: github.com/mitchellh/cli
  version: 074e243518e473e0887217008dd013e07755be8c
- name: github.com/NYTimes/gziphandler
  version: f6438dbf4a82c56684964b03956aa727b0d7816b
- name: github.com/pmezard/go-difflib
  version: d8ed2627bdf02c080bf22230dbb337003b7aba2d
  subpackages:
  - difflib
- name: github.com/rande/goapp
  version: 52b532af1ee53a5c7863590bb85f688b6163ac97
- name: github.com/rande/gonode
  version: f9e1126252df14ef4e80752ba393bd0db5c7313c
  subpackages:
  - core/vault
- name: github.com/Sirupsen/logrus
  version: 4b6ea7319e214d98c938f12692336f7ca9348d6b
- name: github.com/stretchr/objx
  version: cbeaeb16a013161a98496fad62933b1d21786672
- name: github.com/stretchr/testify
  version: 69483b4bd14f5845b5a1e55bca19e954e827f1d0
  subpackages:
  - assert
  - mock
- name: goji.io
  version: e1741450ad80d2837134e32ac7b1d0a7a2b11c51
  subpackages:
  - internal
  - pat
  - pattern
- name: golang.org/x/net
  version: 8b4af36cd21a1f85a7484b49feb7c79363106d8e
  subpackages:
  - context
- name: golang.org/x/sys
  version: 002cbb5f952456d0c50e0d2aff17ea5eca716979
  subpackages:
  - unix
testImports: []
